
Microsoft Visual Studio Solution File, Format Version 12.00
Project("{FAE04EC0-301F-11D3-BF4B-00C04F79EFBC}") = "UniGig", "UniGig\UniGig.csproj", "{0F2F96E8-81E9-42C4-A956-DB47611F6770}"
EndProject
Global
	GlobalSection(SolutionConfigurationPlatforms) = preSolution
		Debug|Any CPU = Debug|Any CPU
		Release|Any CPU = Release|Any CPU
	EndGlobalSection
	GlobalSection(ProjectConfigurationPlatforms) = postSolution
		{0F2F96E8-81E9-42C4-A956-DB47611F6770}.Debug|Any CPU.ActiveCfg = Debug|Any CPU
		{0F2F96E8-81E9-42C4-A956-DB47611F6770}.Debug|Any CPU.Build.0 = Debug|Any CPU
		{0F2F96E8-81E9-42C4-A956-DB47611F6770}.Release|Any CPU.ActiveCfg = Release|Any CPU
		{0F2F96E8-81E9-42C4-A956-DB47611F6770}.Release|Any CPU.Build.0 = Release|Any CPU
	EndGlobalSection
EndGlobal
